
Microsoft Visual Studio Solution File, Format Version 12.00
# Visual Studio Version 16
VisualStudioVersion = 16.0.30611.23
MinimumVisualStudioVersion = 10.0.40219.1
Project("{FAE04EC0-301F-11D3-BF4B-00C04F79EFBC}") = "ListView.Android", "ListView\ListView.Android\ListView.Android.csproj", "{3D1C1CB1-1438-49EA-B77B-F44E6FC20364}"
EndProject
Project("{FAE04EC0-301F-11D3-BF4B-00C04F79EFBC}") = "ListView.iOS", "ListView\ListView.iOS\ListView.iOS.csproj", "{882A97FE-3F80-48BF-8776-EEB623AEDDF0}"
EndProject
Project("{FAE04EC0-301F-11D3-BF4B-00C04F79EFBC}") = "ListView", "ListView\ListView\ListView.csproj", "{B61E0F12-1E22-432A-94A5-FA053B3B97B0}"
EndProject
Global
	GlobalSection(SolutionConfigurationPlatforms) = preSolution
		Debug|Any CPU = Debug|Any CPU
		Debug|iPhone = Debug|iPhone
		Debug|iPhoneSimulator = Debug|iPhoneSimulator
		Release|Any CPU = Release|Any CPU
		Release|iPhone = Release|iPhone
		Release|iPhoneSimulator = Release|iPhoneSimulator
	EndGlobalSection
	GlobalSection(ProjectConfigurationPlatforms) = postSolution
		{3D1C1CB1-1438-49EA-B77B-F44E6FC20364}.Debug|Any CPU.ActiveCfg = Debug|Any CPU
		{3D1C1CB1-1438-49EA-B77B-F44E6FC20364}.Debug|Any CPU.Build.0 = Debug|Any CPU
		{3D1C1CB1-1438-49EA-B77B-F44E6FC20364}.Debug|Any CPU.Deploy.0 = Debug|Any CPU
		{3D1C1CB1-1438-49EA-B77B-F44E6FC20364}.Debug|iPhone.ActiveCfg = Debug|Any CPU
		{3D1C1CB1-1438-49EA-B77B-F44E6FC20364}.Debug|iPhone.Build.0 = Debug|Any CPU
		{3D1C1CB1-1438-49EA-B77B-F44E6FC20364}.Debug|iPhone.Deploy.0 = Debug|Any CPU
		{3D1C1CB1-1438-49EA-B77B-F44E6FC20364}.Debug|iPhoneSimulator.ActiveCfg = Debug|Any CPU
		{3D1C1CB1-1438-49EA-B77B-F44E6FC20364}.Debug|iPhoneSimulator.Build.0 = Debug|Any CPU
		{3D1C1CB1-1438-49EA-B77B-F44E6FC20364}.Debug|iPhoneSimulator.Deploy.0 = Debug|Any CPU
		{3D1C1CB1-1438-49EA-B77B-F44E6FC20364}.Release|Any CPU.ActiveCfg = Release|Any CPU
		{3D1C1CB1-1438-49EA-B77B-F44E6FC20364}.Release|Any CPU.Build.0 = Release|Any CPU
		{3D1C1CB1-1438-49EA-B77B-F44E6FC20364}.Release|Any CPU.Deploy.0 = Release|Any CPU
		{3D1C1CB1-1438-49EA-B77B-F44E6FC20364}.Release|iPhone.ActiveCfg = Release|Any CPU
		{3D1C1CB1-1438-49EA-B77B-F44E6FC20364}.Release|iPhone.Build.0 = Release|Any CPU
		{3D1C1CB1-1438-49EA-B77B-F44E6FC20364}.Release|iPhone.Deploy.0 = Release|Any CPU
		{3D1C1CB1-1438-49EA-B77B-F44E6FC20364}.Release|iPhoneSimulator.ActiveCfg = Release|Any CPU
		{3D1C1CB1-1438-49EA-B77B-F44E6FC20364}.Release|iPhoneSimulator.Build.0 = Release|Any CPU
		{3D1C1CB1-1438-49EA-B77B-F44E6FC20364}.Release|iPhoneSimulator.Deploy.0 = Release|Any CPU
		{882A97FE-3F80-48BF-8776-EEB623AEDDF0}.Debug|Any CPU.ActiveCfg = Debug|iPhone
		{882A97FE-3F80-48BF-8776-EEB623AEDDF0}.Debug|Any CPU.Build.0 = Debug|iPhone
		{882A97FE-3F80-48BF-8776-EEB623AEDDF0}.Debug|Any CPU.Deploy.0 = Debug|iPhone
		{882A97FE-3F80-48BF-8776-EEB623AEDDF0}.Debug|iPhone.ActiveCfg = Debug|iPhone
		{882A97FE-3F80-48BF-8776-EEB623AEDDF0}.Debug|iPhone.Build.0 = Debug|iPhone
		{882A97FE-3F80-48BF-8776-EEB623AEDDF0}.Debug|iPhone.Deploy.0 = Debug|iPhone
		{882A97FE-3F80-48BF-8776-EEB623AEDDF0}.Debug|iPhoneSimulator.ActiveCfg = Debug|iPhoneSimulator
		{882A97FE-3F80-48BF-8776-EEB623AEDDF0}.Debug|iPhoneSimulator.Build.0 = Debug|iPhoneSimulator
		{882A97FE-3F80-48BF-8776-EEB623AEDDF0}.Debug|iPhoneSimulator.Deploy.0 = Debug|iPhoneSimulator
		{882A97FE-3F80-48BF-8776-EEB623AEDDF0}.Release|Any CPU.ActiveCfg = Release|iPhoneSimulator
		{882A97FE-3F80-48BF-8776-EEB623AEDDF0}.Release|Any CPU.Build.0 = Release|iPhoneSimulator
		{882A97FE-3F80-48BF-8776-EEB623AEDDF0}.Release|Any CPU.Deploy.0 = Release|iPhoneSimulator
		{882A97FE-3F80-48BF-8776-EEB623AEDDF0}.Release|iPhone.ActiveCfg = Release|iPhone
		{882A97FE-3F80-48BF-8776-EEB623AEDDF0}.Release|iPhone.Build.0 = Release|iPhone
		{882A97FE-3F80-48BF-8776-EEB623AEDDF0}.Release|iPhone.Deploy.0 = Release|iPhone
		{882A97FE-3F80-48BF-8776-EEB623AEDDF0}.Release|iPhoneSimulator.ActiveCfg = Release|iPhoneSimulator
		{882A97FE-3F80-48BF-8776-EEB623AEDDF0}.Release|iPhoneSimulator.Build.0 = Release|iPhoneSimulator
		{882A97FE-3F80-48BF-8776-EEB623AEDDF0}.Release|iPhoneSimulator.Deploy.0 = Release|iPhoneSimulator
		{B61E0F12-1E22-432A-94A5-FA053B3B97B0}.Debug|Any CPU.ActiveCfg = Debug|Any CPU
		{B61E0F12-1E22-432A-94A5-FA053B3B97B0}.Debug|Any CPU.Build.0 = Debug|Any CPU
		{B61E0F12-1E22-432A-94A5-FA053B3B97B0}.Debug|Any CPU.Deploy.0 = Debug|Any CPU
		{B61E0F12-1E22-432A-94A5-FA053B3B97B0}.Debug|iPhone.ActiveCfg = Debug|Any CPU
		{B61E0F12-1E22-432A-94A5-FA053B3B97B0}.Debug|iPhone.Build.0 = Debug|Any CPU
		{B61E0F12-1E22-432A-94A5-FA053B3B97B0}.Debug|iPhone.Deploy.0 = Debug|Any CPU
		{B61E0F12-1E22-432A-94A5-FA053B3B97B0}.Debug|iPhoneSimulator.ActiveCfg = Debug|Any CPU
		{B61E0F12-1E22-432A-94A5-FA053B3B97B0}.Debug|iPhoneSimulator.Build.0 = Debug|Any CPU
		{B61E0F12-1E22-432A-94A5-FA053B3B97B0}.Debug|iPhoneSimulator.Deploy.0 = Debug|Any CPU
		{B61E0F12-1E22-432A-94A5-FA053B3B97B0}.Release|Any CPU.ActiveCfg = Release|Any CPU
		{B61E0F12-1E22-432A-94A5-FA053B3B97B0}.Release|Any CPU.Build.0 = Release|Any CPU
		{B61E0F12-1E22-432A-94A5-FA053B3B97B0}.Release|Any CPU.Deploy.0 = Release|Any CPU
		{B61E0F12-1E22-432A-94A5-FA053B3B97B0}.Release|iPhone.ActiveCfg = Release|Any CPU
		{B61E0F12-1E22-432A-94A5-FA053B3B97B0}.Release|iPhone.Build.0 = Release|Any CPU
		{B61E0F12-1E22-432A-94A5-FA053B3B97B0}.Release|iPhone.Deploy.0 = Release|Any CPU
		{B61E0F12-1E22-432A-94A5-FA053B3B97B0}.Release|iPhoneSimulator.ActiveCfg = Release|Any CPU
		{B61E0F12-1E22-432A-94A5-FA053B3B97B0}.Release|iPhoneSimulator.Build.0 = Release|Any CPU
		{B61E0F12-1E22-432A-94A5-FA053B3B97B0}.Release|iPhoneSimulator.Deploy.0 = Release|Any CPU
	EndGlobalSection
	GlobalSection(SolutionProperties) = preSolution
		HideSolutionNode = FALSE
	EndGlobalSection
	GlobalSection(ExtensibilityGlobals) = postSolution
		SolutionGuid = {7693BC4B-BBDF-4A5B-B973-85ADDB49E1B0}
	EndGlobalSection
EndGlobal
